
Microsoft Visual Studio Solution File, Format Version 12.00
# Visual Studio Version 17
VisualStudioVersion = 17.7.34221.43
MinimumVisualStudioVersion = 10.0.40219.1
Project("{FAE04EC0-301F-11D3-BF4B-00C04F79EFBC}") = "Portfolio_analise_dese", "Portfolio_analise_dese\Portfolio_analise_dese.csproj", "{401A9496-6053-45E4-A70A-2788BE30B97A}"
EndProject
Global
	GlobalSection(SolutionConfigurationPlatforms) = preSolution
		Debug|Any CPU = Debug|Any CPU
		Release|Any CPU = Release|Any CPU
	EndGlobalSection
	GlobalSection(ProjectConfigurationPlatforms) = postSolution
		{401A9496-6053-45E4-A70A-2788BE30B97A}.Debug|Any CPU.ActiveCfg = Debug|Any CPU
		{401A9496-6053-45E4-A70A-2788BE30B97A}.Debug|Any CPU.Build.0 = Debug|Any CPU
		{401A9496-6053-45E4-A70A-2788BE30B97A}.Release|Any CPU.ActiveCfg = Release|Any CPU
		{401A9496-6053-45E4-A70A-2788BE30B97A}.Release|Any CPU.Build.0 = Release|Any CPU
	EndGlobalSection
	GlobalSection(SolutionProperties) = preSolution
		HideSolutionNode = FALSE
	EndGlobalSection
	GlobalSection(ExtensibilityGlobals) = postSolution
		SolutionGuid = {8A10B1B2-C8C7-493C-927E-DC19DEB7BC3D}
	EndGlobalSection
EndGlobal
